// !$*UTF8*$!
{
	archiveVersion = 1;
	classes = {
	};
	objectVersion = 46;
	objects = {

/* Begin PBXBuildFile section */
		5EFFF30D1C163311007B322B /* main.m in Sources */ = {isa = PBXBuildFile; fileRef = 5EFFF30C1C163311007B322B /* main.m */; };
		5EFFF3101C163311007B322B /* AppDelegate.m in Sources */ = {isa = PBXBuildFile; fileRef = 5EFFF30F1C163311007B322B /* AppDelegate.m */; };
		5EFFF3161C163311007B322B /* Main.storyboard in Resources */ = {isa = PBXBuildFile; fileRef = 5EFFF3141C163311007B322B /* Main.storyboard */; };
		5EFFF3191C163311007B322B /* uovo.xcdatamodeld in Sources */ = {isa = PBXBuildFile; fileRef = 5EFFF3171C163311007B322B /* uovo.xcdatamodeld */; };
		5EFFF31B1C163311007B322B /* Assets.xcassets in Resources */ = {isa = PBXBuildFile; fileRef = 5EFFF31A1C163311007B322B /* Assets.xcassets */; };
		5EFFF31E1C163311007B322B /* LaunchScreen.storyboard in Resources */ = {isa = PBXBuildFile; fileRef = 5EFFF31C1C163311007B322B /* LaunchScreen.storyboard */; };
		5EFFF3291C163312007B322B /* uovoTests.m in Sources */ = {isa = PBXBuildFile; fileRef = 5EFFF3281C163312007B322B /* uovoTests.m */; };
		5EFFF3341C163312007B322B /* uovoUITests.m in Sources */ = {isa = PBXBuildFile; fileRef = 5EFFF3331C163312007B322B /* uovoUITests.m */; };
		5EFFF3441C16D5DD007B322B /* EventsTableViewController.m in Sources */ = {isa = PBXBuildFile; fileRef = 5EFFF3431C16D5DD007B322B /* EventsTableViewController.m */; settings = {ASSET_TAGS = (); }; };
		5EFFF3471C16DD5E007B322B /* Event.m in Sources */ = {isa = PBXBuildFile; fileRef = 5EFFF3461C16DD5E007B322B /* Event.m */; settings = {ASSET_TAGS = (); }; };
		5EFFF3511C1744EA007B322B /* EventCell.m in Sources */ = {isa = PBXBuildFile; fileRef = 5EFFF3501C1744EA007B322B /* EventCell.m */; settings = {ASSET_TAGS = (); }; };
		5EFFF3541C174D69007B322B /* EventViewController.m in Sources */ = {isa = PBXBuildFile; fileRef = 5EFFF3531C174D69007B322B /* EventViewController.m */; settings = {ASSET_TAGS = (); }; };
		5EFFF3571C176F40007B322B /* EventControlView.m in Sources */ = {isa = PBXBuildFile; fileRef = 5EFFF3561C176F40007B322B /* EventControlView.m */; settings = {ASSET_TAGS = (); }; };
		5EFFF35A1C177336007B322B /* RoundButton.m in Sources */ = {isa = PBXBuildFile; fileRef = 5EFFF3591C177336007B322B /* RoundButton.m */; settings = {ASSET_TAGS = (); }; };
		A840ECC9DCE4BC9DA417FC25 /* libPods-uovo.a in Frameworks */ = {isa = PBXBuildFile; fileRef = A066DFEBD95106A764594F75 /* libPods-uovo.a */; };
/* End PBXBuildFile section */

/* Begin PBXContainerItemProxy section */
		5EFFF3251C163312007B322B /* PBXContainerItemProxy */ = {
			isa = PBXContainerItemProxy;
			containerPortal = 5EFFF3001C163311007B322B /* Project object */;
			proxyType = 1;
			remoteGlobalIDString = 5EFFF3071C163311007B322B;
			remoteInfo = uovo;
		};
		5EFFF3301C163312007B322B /* PBXContainerItemProxy */ = {
			isa = PBXContainerItemProxy;
			containerPortal = 5EFFF3001C163311007B322B /* Project object */;
			proxyType = 1;
			remoteGlobalIDString = 5EFFF3071C163311007B322B;
			remoteInfo = uovo;
		};
/* End PBXContainerItemProxy section */

/* Begin PBXFileReference section */
		5EFFF3081C163311007B322B /* uovo.app */ = {isa = PBXFileReference; explicitFileType = wrapper.application; includeInIndex = 0; path = uovo.app; sourceTree = BUILT_PRODUCTS_DIR; };
		5EFFF30C1C163311007B322B /* main.m */ = {isa = PBXFileReference; lastKnownFileType = sourcecode.c.objc; path = main.m; sourceTree = "<group>"; };
		5EFFF30E1C163311007B322B /* AppDelegate.h */ = {isa = PBXFileReference; lastKnownFileType = sourcecode.c.h; path = AppDelegate.h; sourceTree = "<group>"; };
		5EFFF30F1C163311007B322B /* AppDelegate.m */ = {isa = PBXFileReference; lastKnownFileType = sourcecode.c.objc; path = AppDelegate.m; sourceTree = "<group>"; };
		5EFFF3151C163311007B322B /* Base */ = {isa = PBXFileReference; lastKnownFileType = file.storyboard; name = Base; path = Base.lproj/Main.storyboard; sourceTree = "<group>"; };
		5EFFF3181C163311007B322B /* uovo.xcdatamodel */ = {isa = PBXFileReference; lastKnownFileType = wrapper.xcdatamodel; path = uovo.xcdatamodel; sourceTree = "<group>"; };
		5EFFF31A1C163311007B322B /* Assets.xcassets */ = {isa = PBXFileReference; lastKnownFileType = folder.assetcatalog; path = Assets.xcassets; sourceTree = "<group>"; };
		5EFFF31D1C163311007B322B /* Base */ = {isa = PBXFileReference; lastKnownFileType = file.storyboard; name = Base; path = Base.lproj/LaunchScreen.storyboard; sourceTree = "<group>"; };
		5EFFF31F1C163311007B322B /* Info.plist */ = {isa = PBXFileReference; lastKnownFileType = text.plist.xml; path = Info.plist; sourceTree = "<group>"; };
		5EFFF3241C163312007B322B /* uovoTests.xctest */ = {isa = PBXFileReference; explicitFileType = wrapper.cfbundle; includeInIndex = 0; path = uovoTests.xctest; sourceTree = BUILT_PRODUCTS_DIR; };
		5EFFF3281C163312007B322B /* uovoTests.m */ = {isa = PBXFileReference; lastKnownFileType = sourcecode.c.objc; path = uovoTests.m; sourceTree = "<group>"; };
		5EFFF32A1C163312007B322B /* Info.plist */ = {isa = PBXFileReference; lastKnownFileType = text.plist.xml; path = Info.plist; sourceTree = "<group>"; };
		5EFFF32F1C163312007B322B /* uovoUITests.xctest */ = {isa = PBXFileReference; explicitFileType = wrapper.cfbundle; includeInIndex = 0; path = uovoUITests.xctest; sourceTree = BUILT_PRODUCTS_DIR; };
		5EFFF3331C163312007B322B /* uovoUITests.m */ = {isa = PBXFileReference; lastKnownFileType = sourcecode.c.objc; path = uovoUITests.m; sourceTree = "<group>"; };
		5EFFF3351C163312007B322B /* Info.plist */ = {isa = PBXFileReference; lastKnownFileType = text.plist.xml; path = Info.plist; sourceTree = "<group>"; };
		5EFFF3421C16D5DD007B322B /* EventsTableViewController.h */ = {isa = PBXFileReference; fileEncoding = 4; lastKnownFileType = sourcecode.c.h; name = EventsTableViewController.h; path = Controllers/EventsTableViewController.h; sourceTree = "<group>"; };
		5EFFF3431C16D5DD007B322B /* EventsTableViewController.m */ = {isa = PBXFileReference; fileEncoding = 4; lastKnownFileType = sourcecode.c.objc; name = EventsTableViewController.m; path = Controllers/EventsTableViewController.m; sourceTree = "<group>"; };
		5EFFF3451C16DD5E007B322B /* Event.h */ = {isa = PBXFileReference; fileEncoding = 4; lastKnownFileType = sourcecode.c.h; name = Event.h; path = Models/Event.h; sourceTree = "<group>"; };
		5EFFF3461C16DD5E007B322B /* Event.m */ = {isa = PBXFileReference; fileEncoding = 4; lastKnownFileType = sourcecode.c.objc; name = Event.m; path = Models/Event.m; sourceTree = "<group>"; };
		5EFFF34F1C1744EA007B322B /* EventCell.h */ = {isa = PBXFileReference; fileEncoding = 4; lastKnownFileType = sourcecode.c.h; name = EventCell.h; path = Views/EventCell.h; sourceTree = "<group>"; };
		5EFFF3501C1744EA007B322B /* EventCell.m */ = {isa = PBXFileReference; fileEncoding = 4; lastKnownFileType = sourcecode.c.objc; name = EventCell.m; path = Views/EventCell.m; sourceTree = "<group>"; };
		5EFFF3521C174D69007B322B /* EventViewController.h */ = {isa = PBXFileReference; fileEncoding = 4; lastKnownFileType = sourcecode.c.h; name = EventViewController.h; path = Controllers/EventViewController.h; sourceTree = "<group>"; };
		5EFFF3531C174D69007B322B /* EventViewController.m */ = {isa = PBXFileReference; fileEncoding = 4; lastKnownFileType = sourcecode.c.objc; name = EventViewController.m; path = Controllers/EventViewController.m; sourceTree = "<group>"; };
		5EFFF3551C176F40007B322B /* EventControlView.h */ = {isa = PBXFileReference; fileEncoding = 4; lastKnownFileType = sourcecode.c.h; name = EventControlView.h; path = Views/EventControlView.h; sourceTree = "<group>"; };
		5EFFF3561C176F40007B322B /* EventControlView.m */ = {isa = PBXFileReference; fileEncoding = 4; lastKnownFileType = sourcecode.c.objc; name = EventControlView.m; path = Views/EventControlView.m; sourceTree = "<group>"; };
		5EFFF3581C177336007B322B /* RoundButton.h */ = {isa = PBXFileReference; fileEncoding = 4; lastKnownFileType = sourcecode.c.h; name = RoundButton.h; path = Views/RoundButton.h; sourceTree = "<group>"; };
		5EFFF3591C177336007B322B /* RoundButton.m */ = {isa = PBXFileReference; fileEncoding = 4; lastKnownFileType = sourcecode.c.objc; name = RoundButton.m; path = Views/RoundButton.m; sourceTree = "<group>"; };
		913DF129039F67FA5AA24910 /* Pods-uovo.debug.xcconfig */ = {isa = PBXFileReference; includeInIndex = 1; lastKnownFileType = text.xcconfig; name = "Pods-uovo.debug.xcconfig"; path = "Pods/Target Support Files/Pods-uovo/Pods-uovo.debug.xcconfig"; sourceTree = "<group>"; };
		A066DFEBD95106A764594F75 /* libPods-uovo.a */ = {isa = PBXFileReference; explicitFileType = archive.ar; includeInIndex = 0; path = "libPods-uovo.a"; sourceTree = BUILT_PRODUCTS_DIR; };
		C08ED23236C9DBD3BB242766 /* Pods-uovo.release.xcconfig */ = {isa = PBXFileReference; includeInIndex = 1; lastKnownFileType = text.xcconfig; name = "Pods-uovo.release.xcconfig"; path = "Pods/Target Support Files/Pods-uovo/Pods-uovo.release.xcconfig"; sourceTree = "<group>"; };
/* End PBXFileReference section */

/* Begin PBXFrameworksBuildPhase section */
		5EFFF3051C163311007B322B /* Frameworks */ = {
			isa = PBXFrameworksBuildPhase;
			buildActionMask = 2147483647;
			files = (
				A840ECC9DCE4BC9DA417FC25 /* libPods-uovo.a in Frameworks */,
			);
			runOnlyForDeploymentPostprocessing = 0;
		};
		5EFFF3211C163312007B322B /* Frameworks */ = {
			isa = PBXFrameworksBuildPhase;
			buildActionMask = 2147483647;
			files = (
			);
			runOnlyForDeploymentPostprocessing = 0;
		};
		5EFFF32C1C163312007B322B /* Frameworks */ = {
			isa = PBXFrameworksBuildPhase;
			buildActionMask = 2147483647;
			files = (
			);
			runOnlyForDeploymentPostprocessing = 0;
		};
/* End PBXFrameworksBuildPhase section */

/* Begin PBXGroup section */
		5EFFF2FF1C163311007B322B = {
			isa = PBXGroup;
			children = (
				5EFFF30A1C163311007B322B /* uovo */,
				5EFFF3271C163312007B322B /* uovoTests */,
				5EFFF3321C163312007B322B /* uovoUITests */,
				5EFFF3091C163311007B322B /* Products */,
				966C0832224A80C71337976C /* Pods */,
				99838012C4C28AF1EE08368A /* Frameworks */,
			);
			sourceTree = "<group>";
		};
		5EFFF3091C163311007B322B /* Products */ = {
			isa = PBXGroup;
			children = (
				5EFFF3081C163311007B322B /* uovo.app */,
				5EFFF3241C163312007B322B /* uovoTests.xctest */,
				5EFFF32F1C163312007B322B /* uovoUITests.xctest */,
			);
			name = Products;
			sourceTree = "<group>";
		};
		5EFFF30A1C163311007B322B /* uovo */ = {
			isa = PBXGroup;
			children = (
				5EFFF3411C16D5AF007B322B /* Events */,
				5EFFF30E1C163311007B322B /* AppDelegate.h */,
				5EFFF30F1C163311007B322B /* AppDelegate.m */,
				5EFFF3141C163311007B322B /* Main.storyboard */,
				5EFFF31A1C163311007B322B /* Assets.xcassets */,
				5EFFF31C1C163311007B322B /* LaunchScreen.storyboard */,
				5EFFF31F1C163311007B322B /* Info.plist */,
				5EFFF3171C163311007B322B /* uovo.xcdatamodeld */,
				5EFFF30B1C163311007B322B /* Supporting Files */,
			);
			path = uovo;
			sourceTree = "<group>";
		};
		5EFFF30B1C163311007B322B /* Supporting Files */ = {
			isa = PBXGroup;
			children = (
				5EFFF30C1C163311007B322B /* main.m */,
			);
			name = "Supporting Files";
			sourceTree = "<group>";
		};
		5EFFF3271C163312007B322B /* uovoTests */ = {
			isa = PBXGroup;
			children = (
				5EFFF3281C163312007B322B /* uovoTests.m */,
				5EFFF32A1C163312007B322B /* Info.plist */,
			);
			path = uovoTests;
			sourceTree = "<group>";
		};
		5EFFF3321C163312007B322B /* uovoUITests */ = {
			isa = PBXGroup;
			children = (
				5EFFF3331C163312007B322B /* uovoUITests.m */,
				5EFFF3351C163312007B322B /* Info.plist */,
			);
			path = uovoUITests;
			sourceTree = "<group>";
		};
		5EFFF3411C16D5AF007B322B /* Events */ = {
			isa = PBXGroup;
			children = (
				5EFFF3421C16D5DD007B322B /* EventsTableViewController.h */,
				5EFFF3431C16D5DD007B322B /* EventsTableViewController.m */,
				5EFFF3451C16DD5E007B322B /* Event.h */,
				5EFFF3461C16DD5E007B322B /* Event.m */,
				5EFFF34F1C1744EA007B322B /* EventCell.h */,
				5EFFF3501C1744EA007B322B /* EventCell.m */,
				5EFFF3521C174D69007B322B /* EventViewController.h */,
				5EFFF3531C174D69007B322B /* EventViewController.m */,
				5EFFF3551C176F40007B322B /* EventControlView.h */,
				5EFFF3561C176F40007B322B /* EventControlView.m */,
				5EFFF3581C177336007B322B /* RoundButton.h */,
				5EFFF3591C177336007B322B /* RoundButton.m */,
			);
			name = Events;
			sourceTree = "<group>";
		};
		966C0832224A80C71337976C /* Pods */ = {
			isa = PBXGroup;
			children = (
				913DF129039F67FA5AA24910 /* Pods-uovo.debug.xcconfig */,
				C08ED23236C9DBD3BB242766 /* Pods-uovo.release.xcconfig */,
			);
			name = Pods;
			sourceTree = "<group>";
		};
		99838012C4C28AF1EE08368A /* Frameworks */ = {
			isa = PBXGroup;
			children = (
				A066DFEBD95106A764594F75 /* libPods-uovo.a */,
			);
			name = Frameworks;
			sourceTree = "<group>";
		};
/* End PBXGroup section */

/* Begin PBXNativeTarget section */
		5EFFF3071C163311007B322B /* uovo */ = {
			isa = PBXNativeTarget;
			buildConfigurationList = 5EFFF3381C163312007B322B /* Build configuration list for PBXNativeTarget "uovo" */;
			buildPhases = (
				81774246AB67F81C02FB056C /* Check Pods Manifest.lock */,
				5EFFF3041C163311007B322B /* Sources */,
				5EFFF3051C163311007B322B /* Frameworks */,
				5EFFF3061C163311007B322B /* Resources */,
				3C8FBAAC51603C6ACF72392A /* Copy Pods Resources */,
			);
			buildRules = (
			);
			dependencies = (
			);
			name = uovo;
			productName = uovo;
			productReference = 5EFFF3081C163311007B322B /* uovo.app */;
			productType = "com.apple.product-type.application";
		};
		5EFFF3231C163312007B322B /* uovoTests */ = {
			isa = PBXNativeTarget;
			buildConfigurationList = 5EFFF33B1C163312007B322B /* Build configuration list for PBXNativeTarget "uovoTests" */;
			buildPhases = (
				5EFFF3201C163312007B322B /* Sources */,
				5EFFF3211C163312007B322B /* Frameworks */,
				5EFFF3221C163312007B322B /* Resources */,
			);
			buildRules = (
			);
			dependencies = (
				5EFFF3261C163312007B322B /* PBXTargetDependency */,
			);
			name = uovoTests;
			productName = uovoTests;
			productReference = 5EFFF3241C163312007B322B /* uovoTests.xctest */;
			productType = "com.apple.product-type.bundle.unit-test";
		};
		5EFFF32E1C163312007B322B /* uovoUITests */ = {
			isa = PBXNativeTarget;
			buildConfigurationList = 5EFFF33E1C163312007B322B /* Build configuration list for PBXNativeTarget "uovoUITests" */;
			buildPhases = (
				5EFFF32B1C163312007B322B /* Sources */,
				5EFFF32C1C163312007B322B /* Frameworks */,
				5EFFF32D1C163312007B322B /* Resources */,
			);
			buildRules = (
			);
			dependencies = (
				5EFFF3311C163312007B322B /* PBXTargetDependency */,
			);
			name = uovoUITests;
			productName = uovoUITests;
			productReference = 5EFFF32F1C163312007B322B /* uovoUITests.xctest */;
			productType = "com.apple.product-type.bundle.ui-testing";
		};
/* End PBXNativeTarget section */

/* Begin PBXProject section */
		5EFFF3001C163311007B322B /* Project object */ = {
			isa = PBXProject;
			attributes = {
				LastUpgradeCheck = 0700;
				ORGANIZATIONNAME = ytil;
				TargetAttributes = {
					5EFFF3071C163311007B322B = {
						CreatedOnToolsVersion = 7.0;
					};
					5EFFF3231C163312007B322B = {
						CreatedOnToolsVersion = 7.0;
						TestTargetID = 5EFFF3071C163311007B322B;
					};
					5EFFF32E1C163312007B322B = {
						CreatedOnToolsVersion = 7.0;
						TestTargetID = 5EFFF3071C163311007B322B;
					};
				};
			};
			buildConfigurationList = 5EFFF3031C163311007B322B /* Build configuration list for PBXProject "uovo" */;
			compatibilityVersion = "Xcode 3.2";
			developmentRegion = English;
			hasScannedForEncodings = 0;
			knownRegions = (
				en,
				Base,
			);
			mainGroup = 5EFFF2FF1C163311007B322B;
			productRefGroup = 5EFFF3091C163311007B322B /* Products */;
			projectDirPath = "";
			projectRoot = "";
			targets = (
				5EFFF3071C163311007B322B /* uovo */,
				5EFFF3231C163312007B322B /* uovoTests */,
				5EFFF32E1C163312007B322B /* uovoUITests */,
			);
		};
/* End PBXProject section */

/* Begin PBXResourcesBuildPhase section */
		5EFFF3061C163311007B322B /* Resources */ = {
			isa = PBXResourcesBuildPhase;
			buildActionMask = 2147483647;
			files = (
				5EFFF31E1C163311007B322B /* LaunchScreen.storyboard in Resources */,
				5EFFF31B1C163311007B322B /* Assets.xcassets in Resources */,
				5EFFF3161C163311007B322B /* Main.storyboard in Resources */,
			);
			runOnlyForDeploymentPostprocessing = 0;
		};
		5EFFF3221C163312007B322B /* Resources */ = {
			isa = PBXResourcesBuildPhase;
			buildActionMask = 2147483647;
			files = (
			);
			runOnlyForDeploymentPostprocessing = 0;
		};
		5EFFF32D1C163312007B322B /* Resources */ = {
			isa = PBXResourcesBuildPhase;
			buildActionMask = 2147483647;
			files = (
			);
			runOnlyForDeploymentPostprocessing = 0;
		};
/* End PBXResourcesBuildPhase section */

/* Begin PBXShellScriptBuildPhase section */
		3C8FBAAC51603C6ACF72392A /* Copy Pods Resources */ = {
			isa = PBXShellScriptBuildPhase;
			buildActionMask = 2147483647;
			files = (
			);
			inputPaths = (
			);
			name = "Copy Pods Resources";
			outputPaths = (
			);
			runOnlyForDeploymentPostprocessing = 0;
			shellPath = /bin/sh;
			shellScript = "\"${SRCROOT}/Pods/Target Support Files/Pods-uovo/Pods-uovo-resources.sh\"\n";
			showEnvVarsInLog = 0;
		};
		81774246AB67F81C02FB056C /* Check Pods Manifest.lock */ = {
			isa = PBXShellScriptBuildPhase;
			buildActionMask = 2147483647;
			files = (
			);
			inputPaths = (
			);
			name = "Check Pods Manifest.lock";
			outputPaths = (
			);
			runOnlyForDeploymentPostprocessing = 0;
			shellPath = /bin/sh;
			shellScript = "diff \"${PODS_ROOT}/../Podfile.lock\" \"${PODS_ROOT}/Manifest.lock\" > /dev/null\nif [[ $? != 0 ]] ; then\n    cat << EOM\nerror: The sandbox is not in sync with the Podfile.lock. Run 'pod install' or update your CocoaPods installation.\nEOM\n    exit 1\nfi\n";
			showEnvVarsInLog = 0;
		};
/* End PBXShellScriptBuildPhase section */

/* Begin PBXSourcesBuildPhase section */
		5EFFF3041C163311007B322B /* Sources */ = {
			isa = PBXSourcesBuildPhase;
			buildActionMask = 2147483647;
			files = (
				5EFFF3101C163311007B322B /* AppDelegate.m in Sources */,
				5EFFF3191C163311007B322B /* uovo.xcdatamodeld in Sources */,
				5EFFF3471C16DD5E007B322B /* Event.m in Sources */,
				5EFFF3571C176F40007B322B /* EventControlView.m in Sources */,
				5EFFF3541C174D69007B322B /* EventViewController.m in Sources */,
				5EFFF3441C16D5DD007B322B /* EventsTableViewController.m in Sources */,
				5EFFF3511C1744EA007B322B /* EventCell.m in Sources */,
				5EFFF35A1C177336007B322B /* RoundButton.m in Sources */,
				5EFFF30D1C163311007B322B /* main.m in Sources */,
			);
			runOnlyForDeploymentPostprocessing = 0;
		};
		5EFFF3201C163312007B322B /* Sources */ = {
			isa = PBXSourcesBuildPhase;
			buildActionMask = 2147483647;
			files = (
				5EFFF3291C163312007B322B /* uovoTests.m in Sources */,
			);
			runOnlyForDeploymentPostprocessing = 0;
		};
		5EFFF32B1C163312007B322B /* Sources */ = {
			isa = PBXSourcesBuildPhase;
			buildActionMask = 2147483647;
			files = (
				5EFFF3341C163312007B322B /* uovoUITests.m in Sources */,
			);
			runOnlyForDeploymentPostprocessing = 0;
		};
/* End PBXSourcesBuildPhase section */

/* Begin PBXTargetDependency section */
		5EFFF3261C163312007B322B /* PBXTargetDependency */ = {
			isa = PBXTargetDependency;
			target = 5EFFF3071C163311007B322B /* uovo */;
			targetProxy = 5EFFF3251C163312007B322B /* PBXContainerItemProxy */;
		};
		5EFFF3311C163312007B322B /* PBXTargetDependency */ = {
			isa = PBXTargetDependency;
			target = 5EFFF3071C163311007B322B /* uovo */;
			targetProxy = 5EFFF3301C163312007B322B /* PBXContainerItemProxy */;
		};
/* End PBXTargetDependency section */

/* Begin PBXVariantGroup section */
		5EFFF3141C163311007B322B /* Main.storyboard */ = {
			isa = PBXVariantGroup;
			children = (
				5EFFF3151C163311007B322B /* Base */,
			);
			name = Main.storyboard;
			sourceTree = "<group>";
		};
		5EFFF31C1C163311007B322B /* LaunchScreen.storyboard */ = {
			isa = PBXVariantGroup;
			children = (
				5EFFF31D1C163311007B322B /* Base */,
			);
			name = LaunchScreen.storyboard;
			sourceTree = "<group>";
		};
/* End PBXVariantGroup section */

/* Begin XCBuildConfiguration section */
		5EFFF3361C163312007B322B /* Debug */ = {
			isa = XCBuildConfiguration;
			buildSettings = {
				ALWAYS_SEARCH_USER_PATHS = NO;
				CLANG_CXX_LANGUAGE_STANDARD = "gnu++0x";
				CLANG_CXX_LIBRARY = "libc++";
				CLANG_ENABLE_MODULES = YES;
				CLANG_ENABLE_OBJC_ARC = YES;
				CLANG_WARN_BOOL_CONVERSION = YES;
				CLANG_WARN_CONSTANT_CONVERSION = YES;
				CLANG_WARN_DIRECT_OBJC_ISA_USAGE = YES_ERROR;
				CLANG_WARN_EMPTY_BODY = YES;
				CLANG_WARN_ENUM_CONVERSION = YES;
				CLANG_WARN_INT_CONVERSION = YES;
				CLANG_WARN_OBJC_ROOT_CLASS = YES_ERROR;
				CLANG_WARN_UNREACHABLE_CODE = YES;
				CLANG_WARN__DUPLICATE_METHOD_MATCH = YES;
				"CODE_SIGN_IDENTITY[sdk=iphoneos*]" = "iPhone Developer";
				COPY_PHASE_STRIP = NO;
				DEBUG_INFORMATION_FORMAT = dwarf;
				ENABLE_STRICT_OBJC_MSGSEND = YES;
				ENABLE_TESTABILITY = YES;
				GCC_C_LANGUAGE_STANDARD = gnu99;
				GCC_DYNAMIC_NO_PIC = NO;
				GCC_NO_COMMON_BLOCKS = YES;
				GCC_OPTIMIZATION_LEVEL = 0;
				GCC_PREPROCESSOR_DEFINITIONS = (
					"DEBUG=1",
					"$(inherited)",
				);
				GCC_WARN_64_TO_32_BIT_CONVERSION = YES;
				GCC_WARN_ABOUT_RETURN_TYPE = YES_ERROR;
				GCC_WARN_UNDECLARED_SELECTOR = YES;
				GCC_WARN_UNINITIALIZED_AUTOS = YES_AGGRESSIVE;
				GCC_WARN_UNUSED_FUNCTION = YES;
				GCC_WARN_UNUSED_VARIABLE = YES;
				IPHONEOS_DEPLOYMENT_TARGET = 9.0;
				MTL_ENABLE_DEBUG_INFO = YES;
				ONLY_ACTIVE_ARCH = YES;
				SDKROOT = iphoneos;
			};
			name = Debug;
		};
		5EFFF3371C163312007B322B /* Release */ = {
			isa = XCBuildConfiguration;
			buildSettings = {
				ALWAYS_SEARCH_USER_PATHS = NO;
				CLANG_CXX_LANGUAGE_STANDARD = "gnu++0x";
				CLANG_CXX_LIBRARY = "libc++";
				CLANG_ENABLE_MODULES = YES;
				CLANG_ENABLE_OBJC_ARC = YES;
				CLANG_WARN_BOOL_CONVERSION = YES;
				CLANG_WARN_CONSTANT_CONVERSION = YES;
				CLANG_WARN_DIRECT_OBJC_ISA_USAGE = YES_ERROR;
				CLANG_WARN_EMPTY_BODY = YES;
				CLANG_WARN_ENUM_CONVERSION = YES;
				CLANG_WARN_INT_CONVERSION = YES;
				CLANG_WARN_OBJC_ROOT_CLASS = YES_ERROR;
				CLANG_WARN_UNREACHABLE_CODE = YES;
				CLANG_WARN__DUPLICATE_METHOD_MATCH = YES;
				"CODE_SIGN_IDENTITY[sdk=iphoneos*]" = "iPhone Developer";
				COPY_PHASE_STRIP = NO;
				DEBUG_INFORMATION_FORMAT = "dwarf-with-dsym";
				ENABLE_NS_ASSERTIONS = NO;
				ENABLE_STRICT_OBJC_MSGSEND = YES;
				GCC_C_LANGUAGE_STANDARD = gnu99;
				GCC_NO_COMMON_BLOCKS = YES;
				GCC_WARN_64_TO_32_BIT_CONVERSION = YES;
				GCC_WARN_ABOUT_RETURN_TYPE = YES_ERROR;
				GCC_WARN_UNDECLARED_SELECTOR = YES;
				GCC_WARN_UNINITIALIZED_AUTOS = YES_AGGRESSIVE;
				GCC_WARN_UNUSED_FUNCTION = YES;
				GCC_WARN_UNUSED_VARIABLE = YES;
				IPHONEOS_DEPLOYMENT_TARGET = 9.0;
				MTL_ENABLE_DEBUG_INFO = NO;
				SDKROOT = iphoneos;
				VALIDATE_PRODUCT = YES;
			};
			name = Release;
		};
		5EFFF3391C163312007B322B /* Debug */ = {
			isa = XCBuildConfiguration;
			baseConfigurationReference = 913DF129039F67FA5AA24910 /* Pods-uovo.debug.xcconfig */;
			buildSettings = {
				ASSETCATALOG_COMPILER_APPICON_NAME = AppIcon;
				INFOPLIST_FILE = uovo/Info.plist;
				LD_RUNPATH_SEARCH_PATHS = "$(inherited) @executable_path/Frameworks";
				PRODUCT_BUNDLE_IDENTIFIER = com.ytil.uovo;
				PRODUCT_NAME = "$(TARGET_NAME)";
			};
			name = Debug;
		};
		5EFFF33A1C163312007B322B /* Release */ = {
			isa = XCBuildConfiguration;
			baseConfigurationReference = C08ED23236C9DBD3BB242766 /* Pods-uovo.release.xcconfig */;
			buildSettings = {
				ASSETCATALOG_COMPILER_APPICON_NAME = AppIcon;
				INFOPLIST_FILE = uovo/Info.plist;
				LD_RUNPATH_SEARCH_PATHS = "$(inherited) @executable_path/Frameworks";
				PRODUCT_BUNDLE_IDENTIFIER = com.ytil.uovo;
				PRODUCT_NAME = "$(TARGET_NAME)";
			};
			name = Release;
		};
		5EFFF33C1C163312007B322B /* Debug */ = {
			isa = XCBuildConfiguration;
			buildSettings = {
				BUNDLE_LOADER = "$(TEST_HOST)";
				INFOPLIST_FILE = uovoTests/Info.plist;
				LD_RUNPATH_SEARCH_PATHS = "$(inherited) @executable_path/Frameworks @loader_path/Frameworks";
				PRODUCT_BUNDLE_IDENTIFIER = com.ytil.uovoTests;
				PRODUCT_NAME = "$(TARGET_NAME)";
				TEST_HOST = "$(BUILT_PRODUCTS_DIR)/uovo.app/uovo";
			};
			name = Debug;
		};
		5EFFF33D1C163312007B322B /* Release */ = {
			isa = XCBuildConfiguration;
			buildSettings = {
				BUNDLE_LOADER = "$(TEST_HOST)";
				INFOPLIST_FILE = uovoTests/Info.plist;
				LD_RUNPATH_SEARCH_PATHS = "$(inherited) @executable_path/Frameworks @loader_path/Frameworks";
				PRODUCT_BUNDLE_IDENTIFIER = com.ytil.uovoTests;
				PRODUCT_NAME = "$(TARGET_NAME)";
				TEST_HOST = "$(BUILT_PRODUCTS_DIR)/uovo.app/uovo";
			};
			name = Release;
		};
		5EFFF33F1C163312007B322B /* Debug */ = {
			isa = XCBuildConfiguration;
			buildSettings = {
				INFOPLIST_FILE = uovoUITests/Info.plist;
				LD_RUNPATH_SEARCH_PATHS = "$(inherited) @executable_path/Frameworks @loader_path/Frameworks";
				PRODUCT_BUNDLE_IDENTIFIER = com.ytil.uovoUITests;
				PRODUCT_NAME = "$(TARGET_NAME)";
				TEST_TARGET_NAME = uovo;
				USES_XCTRUNNER = YES;
			};
			name = Debug;
		};
		5EFFF3401C163312007B322B /* Release */ = {
			isa = XCBuildConfiguration;
			buildSettings = {
				INFOPLIST_FILE = uovoUITests/Info.plist;
				LD_RUNPATH_SEARCH_PATHS = "$(inherited) @executable_path/Frameworks @loader_path/Frameworks";
				PRODUCT_BUNDLE_IDENTIFIER = com.ytil.uovoUITests;
				PRODUCT_NAME = "$(TARGET_NAME)";
				TEST_TARGET_NAME = uovo;
				USES_XCTRUNNER = YES;
			};
			name = Release;
		};
/* End XCBuildConfiguration section */

/* Begin XCConfigurationList section */
		5EFFF3031C163311007B322B /* Build configuration list for PBXProject "uovo" */ = {
			isa = XCConfigurationList;
			buildConfigurations = (
				5EFFF3361C163312007B322B /* Debug */,
				5EFFF3371C163312007B322B /* Release */,
			);
			defaultConfigurationIsVisible = 0;
			defaultConfigurationName = Release;
		};
		5EFFF3381C163312007B322B /* Build configuration list for PBXNativeTarget "uovo" */ = {
			isa = XCConfigurationList;
			buildConfigurations = (
				5EFFF3391C163312007B322B /* Debug */,
				5EFFF33A1C163312007B322B /* Release */,
			);
			defaultConfigurationIsVisible = 0;
			defaultConfigurationName = Release;
		};
		5EFFF33B1C163312007B322B /* Build configuration list for PBXNativeTarget "uovoTests" */ = {
			isa = XCConfigurationList;
			buildConfigurations = (
				5EFFF33C1C163312007B322B /* Debug */,
				5EFFF33D1C163312007B322B /* Release */,
			);
			defaultConfigurationIsVisible = 0;
			defaultConfigurationName = Release;
		};
		5EFFF33E1C163312007B322B /* Build configuration list for PBXNativeTarget "uovoUITests" */ = {
			isa = XCConfigurationList;
			buildConfigurations = (
				5EFFF33F1C163312007B322B /* Debug */,
				5EFFF3401C163312007B322B /* Release */,
			);
			defaultConfigurationIsVisible = 0;
			defaultConfigurationName = Release;
		};
/* End XCConfigurationList section */

/* Begin XCVersionGroup section */
		5EFFF3171C163311007B322B /* uovo.xcdatamodeld */ = {
			isa = XCVersionGroup;
			children = (
				5EFFF3181C163311007B322B /* uovo.xcdatamodel */,
			);
			currentVersion = 5EFFF3181C163311007B322B /* uovo.xcdatamodel */;
			path = uovo.xcdatamodeld;
			sourceTree = "<group>";
			versionGroupType = wrapper.xcdatamodel;
		};
/* End XCVersionGroup section */
	};
	rootObject = 5EFFF3001C163311007B322B /* Project object */;
}
